{
  "name": "PublicWiki",
  "version": "1.0.0",
  "lockfileVersion": 1,
  "requires": true,
  "dependencies": {
    "buffer-from": {
      "version": "1.1.1",
      "resolved": "https://registry.npm.taobao.org/buffer-from/download/buffer-from-1.1.1.tgz",
      "integrity": "sha1-MnE7wCj3XAL9txDXx7zsHyxgcO8=",
      "dev": true
    },
    "camel-case": {
      "version": "4.1.1",
      "resolved": "https://registry.npm.taobao.org/camel-case/download/camel-case-4.1.1.tgz?cache=0&sync_timestamp=1576721717499&other_urls=https%3A%2F%2Fregistry.npm.taobao.org%2Fcamel-case%2Fdownload%2Fcamel-case-4.1.1.tgz",
      "integrity": "sha1-H8QchU8A4vfQE53+uhVC1olv5Uc=",
      "dev": true,
      "requires": {
        "pascal-case": "^3.1.1",
        "tslib": "^1.10.0"
      }
    },
    "clean-css": {
      "version": "4.2.3",
      "resolved": "https://registry.npm.taobao.org/clean-css/download/clean-css-4.2.3.tgz",
      "integrity": "sha1-UHtd59l7SO5T2ErbAWD/YhY4D3g=",
      "dev": true,
      "requires": {
        "source-map": "~0.6.0"
      }
    },
    "commander": {
      "version": "4.1.1",
      "resolved": "https://registry.npm.taobao.org/commander/download/commander-4.1.1.tgz",
      "integrity": "sha1-n9YCvZNilOnp70aj9NaWQESxgGg=",
      "dev": true
    },
    "cross-env": {
      "version": "7.0.2",
      "resolved": "https://registry.npm.taobao.org/cross-env/download/cross-env-7.0.2.tgz?cache=0&other_urls=https%3A%2F%2Fregistry.npm.taobao.org%2Fcross-env%2Fdownload%2Fcross-env-7.0.2.tgz",
      "integrity": "sha1-vV7TEzmpOjQYrE88qco0Awgq5fk=",
      "dev": true,
      "requires": {
        "cross-spawn": "^7.0.1"
      }
    },
    "cross-spawn": {
      "version": "7.0.2",
      "resolved": "https://registry.npm.taobao.org/cross-spawn/download/cross-spawn-7.0.2.tgz",
      "integrity": "sha1-0Nfc+nTokRXHYZ9PchqU4f23FtY=",
      "dev": true,
      "requires": {
        "path-key": "^3.1.0",
        "shebang-command": "^2.0.0",
        "which": "^2.0.1"
      }
    },
    "dot-case": {
      "version": "3.0.3",
      "resolved": "https://registry.npm.taobao.org/dot-case/download/dot-case-3.0.3.tgz?cache=0&sync_timestamp=1576721538631&other_urls=https%3A%2F%2Fregistry.npm.taobao.org%2Fdot-case%2Fdownload%2Fdot-case-3.0.3.tgz",
      "integrity": "sha1-IdO1Lvqroupf2odbsaqBJFIc9Ko=",
      "dev": true,
      "requires": {
        "no-case": "^3.0.3",
        "tslib": "^1.10.0"
      }
    },
    "he": {
      "version": "1.2.0",
      "resolved": "https://registry.npm.taobao.org/he/download/he-1.2.0.tgz",
      "integrity": "sha1-hK5l+n6vsWX922FWauFLrwVmTw8=",
      "dev": true
    },
    "html-minifier-terser": {
      "version": "5.0.5",
      "resolved": "https://registry.npm.taobao.org/html-minifier-terser/download/html-minifier-terser-5.0.5.tgz",
      "integrity": "sha1-jxL2OXifBPqp9c8v+bn2VgfyH4s=",
      "dev": true,
      "requires": {
        "camel-case": "^4.1.1",
        "clean-css": "^4.2.3",
        "commander": "^4.1.1",
        "he": "^1.2.0",
        "param-case": "^3.0.3",
        "relateurl": "^0.2.7",
        "terser": "^4.6.3"
      }
    },
    "isexe": {
      "version": "2.0.0",
      "resolved": "https://registry.npm.taobao.org/isexe/download/isexe-2.0.0.tgz",
      "integrity": "sha1-6PvzdNxVb/iUehDcsFctYz8s+hA=",
      "dev": true
    },
    "lower-case": {
      "version": "2.0.1",
      "resolved": "https://registry.npm.taobao.org/lower-case/download/lower-case-2.0.1.tgz",
      "integrity": "sha1-Oe6zbjlhFcwF4pQi6uqeaSyUCMc=",
      "dev": true,
      "requires": {
        "tslib": "^1.10.0"
      }
    },
    "no-case": {
      "version": "3.0.3",
      "resolved": "https://registry.npm.taobao.org/no-case/download/no-case-3.0.3.tgz?cache=0&sync_timestamp=1576721537540&other_urls=https%3A%2F%2Fregistry.npm.taobao.org%2Fno-case%2Fdownload%2Fno-case-3.0.3.tgz",
      "integrity": "sha1-whtDTB/+SLOQh+hs+00lgunfGPg=",
      "dev": true,
      "requires": {
        "lower-case": "^2.0.1",
        "tslib": "^1.10.0"
      }
    },
    "param-case": {
      "version": "3.0.3",
      "resolved": "https://registry.npm.taobao.org/param-case/download/param-case-3.0.3.tgz",
      "integrity": "sha1-S+Qfg5nv9iHFbuu4KaXkUdmAEjg=",
      "dev": true,
      "requires": {
        "dot-case": "^3.0.3",
        "tslib": "^1.10.0"
      }
    },
    "pascal-case": {
      "version": "3.1.1",
      "resolved": "https://registry.npm.taobao.org/pascal-case/download/pascal-case-3.1.1.tgz?cache=0&sync_timestamp=1579861579813&other_urls=https%3A%2F%2Fregistry.npm.taobao.org%2Fpascal-case%2Fdownload%2Fpascal-case-3.1.1.tgz",
      "integrity": "sha1-WsGXUTPtYZKB6Ikglz0s0fJ53l8=",
      "dev": true,
      "requires": {
        "no-case": "^3.0.3",
        "tslib": "^1.10.0"
      }
    },
    "path-key": {
      "version": "3.1.1",
      "resolved": "https://registry.npm.taobao.org/path-key/download/path-key-3.1.1.tgz",
      "integrity": "sha1-WB9q3mWMu6ZaDTOA3ndTKVBU83U=",
      "dev": true
    },
    "relateurl": {
      "version": "0.2.7",
      "resolved": "https://registry.npm.taobao.org/relateurl/download/relateurl-0.2.7.tgz",
      "integrity": "sha1-VNvzd+UUQKypCkzSdGANP/LYiKk=",
      "dev": true
    },
    "shebang-command": {
      "version": "2.0.0",
      "resolved": "https://registry.npm.taobao.org/shebang-command/download/shebang-command-2.0.0.tgz",
      "integrity": "sha1-zNCvT4g1+9wmW4JGGq8MNmY/NOo=",
      "dev": true,
      "requires": {
        "shebang-regex": "^3.0.0"
      }
    },
    "shebang-regex": {
      "version": "3.0.0",
      "resolved": "https://registry.npm.taobao.org/shebang-regex/download/shebang-regex-3.0.0.tgz",
      "integrity": "sha1-rhbxZE2HPsrYQ7AwexQzYtTEIXI=",
      "dev": true
    },
    "source-map": {
      "version": "0.6.1",
      "resolved": "https://registry.npm.taobao.org/source-map/download/source-map-0.6.1.tgz?cache=0&sync_timestamp=1571657176668&other_urls=https%3A%2F%2Fregistry.npm.taobao.org%2Fsource-map%2Fdownload%2Fsource-map-0.6.1.tgz",
      "integrity": "sha1-dHIq8y6WFOnCh6jQu95IteLxomM=",
      "dev": true
    },
    "source-map-support": {
      "version": "0.5.16",
      "resolved": "https://registry.npm.taobao.org/source-map-support/download/source-map-support-0.5.16.tgz?cache=0&sync_timestamp=1572389965235&other_urls=https%3A%2F%2Fregistry.npm.taobao.org%2Fsource-map-support%2Fdownload%2Fsource-map-support-0.5.16.tgz",
      "integrity": "sha1-CuBp5/47p1OMZMmFFeNTOerFoEI=",
      "dev": true,
      "requires": {
        "buffer-from": "^1.0.0",
        "source-map": "^0.6.0"
      }
    },
    "terser": {
      "version": "4.6.11",
      "resolved": "https://registry.npm.taobao.org/terser/download/terser-4.6.11.tgz",
      "integrity": "sha1-Ev+Z/dYqJt4qgvUIUVQH62zNip8=",
      "dev": true,
      "requires": {
        "commander": "^2.20.0",
        "source-map": "~0.6.1",
        "source-map-support": "~0.5.12"
      },
      "dependencies": {
        "commander": {
          "version": "2.20.3",
          "resolved": "https://registry.npm.taobao.org/commander/download/commander-2.20.3.tgz",
          "integrity": "sha1-/UhehMA+tIgcIHIrpIA16FMa6zM=",
          "dev": true
        }
      }
    },
    "tiddlywiki": {
      "version": "5.1.21",
      "resolved": "https://registry.npm.taobao.org/tiddlywiki/download/tiddlywiki-5.1.21.tgz",
      "integrity": "sha1-17+1bdsYLGGkIQ9MCPt4gBkS7b8="
    },
    "tslib": {
      "version": "1.11.1",
      "resolved": "https://registry.npm.taobao.org/tslib/download/tslib-1.11.1.tgz",
      "integrity": "sha1-6xXRKIJ/vuKEFUnhcfRe0zisfjU=",
      "dev": true
    },
    "which": {
      "version": "2.0.2",
      "resolved": "https://registry.npm.taobao.org/which/download/which-2.0.2.tgz?cache=0&sync_timestamp=1574116720213&other_urls=https%3A%2F%2Fregistry.npm.taobao.org%2Fwhich%2Fdownload%2Fwhich-2.0.2.tgz",
      "integrity": "sha1-fGqN0KY2oDJ+ELWckobu6T8/UbE=",
      "dev": true,
      "requires": {
        "isexe": "^2.0.0"
      }
    }
  }
}
